
Microsoft Visual Studio Solution File, Format Version 12.00
# Visual Studio Version 16
VisualStudioVersion = 16.0.30503.244
MinimumVisualStudioVersion = 10.0.40219.1
Project("{FAE04EC0-301F-11D3-BF4B-00C04F79EFBC}") = "Client", "Client\Client.csproj", "{B039C08B-6D74-4118-87D6-D39A7CA7BF71}"
EndProject
Global
	GlobalSection(SolutionConfigurationPlatforms) = preSolution
		Debug|Any CPU = Debug|Any CPU
		Release|Any CPU = Release|Any CPU
	EndGlobalSection
	GlobalSection(ProjectConfigurationPlatforms) = postSolution
		{B039C08B-6D74-4118-87D6-D39A7CA7BF71}.Debug|Any CPU.ActiveCfg = Debug|Any CPU
		{B039C08B-6D74-4118-87D6-D39A7CA7BF71}.Debug|Any CPU.Build.0 = Debug|Any CPU
		{B039C08B-6D74-4118-87D6-D39A7CA7BF71}.Release|Any CPU.ActiveCfg = Release|Any CPU
		{B039C08B-6D74-4118-87D6-D39A7CA7BF71}.Release|Any CPU.Build.0 = Release|Any CPU
	EndGlobalSection
	GlobalSection(SolutionProperties) = preSolution
		HideSolutionNode = FALSE
	EndGlobalSection
	GlobalSection(ExtensibilityGlobals) = postSolution
		SolutionGuid = {C45827DD-1679-4174-BC51-216DF3228907}
	EndGlobalSection
EndGlobal
